
Microsoft Visual Studio Solution File, Format Version 12.00
# Visual Studio Version 17
VisualStudioVersion = 17.3.32819.101
MinimumVisualStudioVersion = 10.0.40219.1
Project("{FAE04EC0-301F-11D3-BF4B-00C04F79EFBC}") = "RabbitMQ.Consumer", "RabbitMQ.Consumer\RabbitMQ.Consumer.csproj", "{20EFEB9E-B431-4A15-96E2-0DBD93B7B23E}"
EndProject
Global
	GlobalSection(SolutionConfigurationPlatforms) = preSolution
		Debug|Any CPU = Debug|Any CPU
		Release|Any CPU = Release|Any CPU
	EndGlobalSection
	GlobalSection(ProjectConfigurationPlatforms) = postSolution
		{20EFEB9E-B431-4A15-96E2-0DBD93B7B23E}.Debug|Any CPU.ActiveCfg = Debug|Any CPU
		{20EFEB9E-B431-4A15-96E2-0DBD93B7B23E}.Debug|Any CPU.Build.0 = Debug|Any CPU
		{20EFEB9E-B431-4A15-96E2-0DBD93B7B23E}.Release|Any CPU.ActiveCfg = Release|Any CPU
		{20EFEB9E-B431-4A15-96E2-0DBD93B7B23E}.Release|Any CPU.Build.0 = Release|Any CPU
	EndGlobalSection
	GlobalSection(SolutionProperties) = preSolution
		HideSolutionNode = FALSE
	EndGlobalSection
	GlobalSection(ExtensibilityGlobals) = postSolution
		SolutionGuid = {AB20F713-6C93-42EF-97DF-CE038DF5B93C}
	EndGlobalSection
EndGlobal
