
Microsoft Visual Studio Solution File, Format Version 12.00
# Visual Studio Version 17
VisualStudioVersion = 17.3.32819.101
MinimumVisualStudioVersion = 10.0.40219.1
Project("{9A19103F-16F7-4668-BE54-9A1E7A4F7556}") = "OrderService", "OrderService\OrderService.csproj", "{D2FD0653-3A7C-4F16-8FA6-27D4BECBDE99}"
EndProject
Project("{FAE04EC0-301F-11D3-BF4B-00C04F79EFBC}") = "Model", "Model\Model.csproj", "{3A73B06D-F6E4-4917-AA85-AB5C8A0FE290}"
EndProject
Global
	GlobalSection(SolutionConfigurationPlatforms) = preSolution
		Debug|Any CPU = Debug|Any CPU
		Release|Any CPU = Release|Any CPU
	EndGlobalSection
	GlobalSection(ProjectConfigurationPlatforms) = postSolution
		{D2FD0653-3A7C-4F16-8FA6-27D4BECBDE99}.Debug|Any CPU.ActiveCfg = Debug|Any CPU
		{D2FD0653-3A7C-4F16-8FA6-27D4BECBDE99}.Debug|Any CPU.Build.0 = Debug|Any CPU
		{D2FD0653-3A7C-4F16-8FA6-27D4BECBDE99}.Release|Any CPU.ActiveCfg = Release|Any CPU
		{D2FD0653-3A7C-4F16-8FA6-27D4BECBDE99}.Release|Any CPU.Build.0 = Release|Any CPU
		{3A73B06D-F6E4-4917-AA85-AB5C8A0FE290}.Debug|Any CPU.ActiveCfg = Debug|Any CPU
		{3A73B06D-F6E4-4917-AA85-AB5C8A0FE290}.Debug|Any CPU.Build.0 = Debug|Any CPU
		{3A73B06D-F6E4-4917-AA85-AB5C8A0FE290}.Release|Any CPU.ActiveCfg = Release|Any CPU
		{3A73B06D-F6E4-4917-AA85-AB5C8A0FE290}.Release|Any CPU.Build.0 = Release|Any CPU
	EndGlobalSection
	GlobalSection(SolutionProperties) = preSolution
		HideSolutionNode = FALSE
	EndGlobalSection
	GlobalSection(ExtensibilityGlobals) = postSolution
		SolutionGuid = {A0CF62CF-000E-462D-9C8D-8C8B68A8CD9D}
	EndGlobalSection
EndGlobal
